
Microsoft Visual Studio Solution File, Format Version 12.00
# Visual Studio Version 17
VisualStudioVersion = 17.0.32112.339
MinimumVisualStudioVersion = 10.0.40219.1
Project("{FAE04EC0-301F-11D3-BF4B-00C04F79EFBC}") = "FileUpload_Download", "FileUpload_Download\FileUpload_Download.csproj", "{938D22D9-AF7E-4A6D-A76B-371198B7B9E5}"
EndProject
Global
	GlobalSection(SolutionConfigurationPlatforms) = preSolution
		Debug|Any CPU = Debug|Any CPU
		Release|Any CPU = Release|Any CPU
	EndGlobalSection
	GlobalSection(ProjectConfigurationPlatforms) = postSolution
		{938D22D9-AF7E-4A6D-A76B-371198B7B9E5}.Debug|Any CPU.ActiveCfg = Debug|Any CPU
		{938D22D9-AF7E-4A6D-A76B-371198B7B9E5}.Debug|Any CPU.Build.0 = Debug|Any CPU
		{938D22D9-AF7E-4A6D-A76B-371198B7B9E5}.Release|Any CPU.ActiveCfg = Release|Any CPU
		{938D22D9-AF7E-4A6D-A76B-371198B7B9E5}.Release|Any CPU.Build.0 = Release|Any CPU
	EndGlobalSection
	GlobalSection(SolutionProperties) = preSolution
		HideSolutionNode = FALSE
	EndGlobalSection
	GlobalSection(ExtensibilityGlobals) = postSolution
		SolutionGuid = {139A1B25-D00B-447F-A233-C6F07F30DCFE}
	EndGlobalSection
EndGlobal
